
Microsoft Visual Studio Solution File, Format Version 12.00
# Visual Studio 2012
Project("{FAE04EC0-301F-11D3-BF4B-00C04F79EFBC}") = "UPCOR.TillsynKommun", "UPCOR.TillsynKommun.csproj", "{901F1372-5A3F-40CF-8E80-BE089ABA3476}"
EndProject
Global
	GlobalSection(SolutionConfigurationPlatforms) = preSolution
		Debug|Any CPU = Debug|Any CPU
		Release|Any CPU = Release|Any CPU
	EndGlobalSection
	GlobalSection(ProjectConfigurationPlatforms) = postSolution
		{901F1372-5A3F-40CF-8E80-BE089ABA3476}.Debug|Any CPU.ActiveCfg = Debug|Any CPU
		{901F1372-5A3F-40CF-8E80-BE089ABA3476}.Debug|Any CPU.Build.0 = Debug|Any CPU
		{901F1372-5A3F-40CF-8E80-BE089ABA3476}.Debug|Any CPU.Deploy.0 = Debug|Any CPU
		{901F1372-5A3F-40CF-8E80-BE089ABA3476}.Release|Any CPU.ActiveCfg = Release|Any CPU
		{901F1372-5A3F-40CF-8E80-BE089ABA3476}.Release|Any CPU.Build.0 = Release|Any CPU
		{901F1372-5A3F-40CF-8E80-BE089ABA3476}.Release|Any CPU.Deploy.0 = Release|Any CPU
	EndGlobalSection
	GlobalSection(SolutionProperties) = preSolution
		HideSolutionNode = FALSE
	EndGlobalSection
EndGlobal
